
Microsoft Visual Studio Solution File, Format Version 12.00
# Visual Studio 15
VisualStudioVersion = 15.0.28010.2003
MinimumVisualStudioVersion = 10.0.40219.1
Project("{FAE04EC0-301F-11D3-BF4B-00C04F79EFBC}") = "AppMovilPrueba.Android", "AppMovilPrueba\AppMovilPrueba.Android\AppMovilPrueba.Android.csproj", "{84D16EF3-DCD3-4F56-A05F-479B3785F45A}"
EndProject
Project("{FAE04EC0-301F-11D3-BF4B-00C04F79EFBC}") = "AppMovilPrueba.iOS", "AppMovilPrueba\AppMovilPrueba.iOS\AppMovilPrueba.iOS.csproj", "{0C709D55-5347-4AC9-9172-58BB3E7C0A2F}"
EndProject
Project("{D954291E-2A0B-460D-934E-DC6B0785DB48}") = "AppMovilPrueba", "AppMovilPrueba\AppMovilPrueba\AppMovilPrueba.shproj", "{1E88212A-0565-438C-840B-70F23931C97C}"
EndProject
Global
	GlobalSection(SharedMSBuildProjectFiles) = preSolution
		AppMovilPrueba\AppMovilPrueba\AppMovilPrueba.projitems*{0c709d55-5347-4ac9-9172-58bb3e7c0a2f}*SharedItemsImports = 4
		AppMovilPrueba\AppMovilPrueba\AppMovilPrueba.projitems*{1e88212a-0565-438c-840b-70f23931c97c}*SharedItemsImports = 13
		AppMovilPrueba\AppMovilPrueba\AppMovilPrueba.projitems*{84d16ef3-dcd3-4f56-a05f-479b3785f45a}*SharedItemsImports = 4
	EndGlobalSection
	GlobalSection(SolutionConfigurationPlatforms) = preSolution
		Ad-Hoc|Any CPU = Ad-Hoc|Any CPU
		Ad-Hoc|iPhone = Ad-Hoc|iPhone
		Ad-Hoc|iPhoneSimulator = Ad-Hoc|iPhoneSimulator
		AppStore|Any CPU = AppStore|Any CPU
		AppStore|iPhone = AppStore|iPhone
		AppStore|iPhoneSimulator = AppStore|iPhoneSimulator
		Debug|Any CPU = Debug|Any CPU
		Debug|iPhone = Debug|iPhone
		Debug|iPhoneSimulator = Debug|iPhoneSimulator
		Release|Any CPU = Release|Any CPU
		Release|iPhone = Release|iPhone
		Release|iPhoneSimulator = Release|iPhoneSimulator
	EndGlobalSection
	GlobalSection(ProjectConfigurationPlatforms) = postSolution
		{84D16EF3-DCD3-4F56-A05F-479B3785F45A}.Ad-Hoc|Any CPU.ActiveCfg = Release|Any CPU
		{84D16EF3-DCD3-4F56-A05F-479B3785F45A}.Ad-Hoc|Any CPU.Build.0 = Release|Any CPU
		{84D16EF3-DCD3-4F56-A05F-479B3785F45A}.Ad-Hoc|Any CPU.Deploy.0 = Release|Any CPU
		{84D16EF3-DCD3-4F56-A05F-479B3785F45A}.Ad-Hoc|iPhone.ActiveCfg = Release|Any CPU
		{84D16EF3-DCD3-4F56-A05F-479B3785F45A}.Ad-Hoc|iPhone.Build.0 = Release|Any CPU
		{84D16EF3-DCD3-4F56-A05F-479B3785F45A}.Ad-Hoc|iPhone.Deploy.0 = Release|Any CPU
		{84D16EF3-DCD3-4F56-A05F-479B3785F45A}.Ad-Hoc|iPhoneSimulator.ActiveCfg = Release|Any CPU
		{84D16EF3-DCD3-4F56-A05F-479B3785F45A}.Ad-Hoc|iPhoneSimulator.Build.0 = Release|Any CPU
		{84D16EF3-DCD3-4F56-A05F-479B3785F45A}.Ad-Hoc|iPhoneSimulator.Deploy.0 = Release|Any CPU
		{84D16EF3-DCD3-4F56-A05F-479B3785F45A}.AppStore|Any CPU.ActiveCfg = Release|Any CPU
		{84D16EF3-DCD3-4F56-A05F-479B3785F45A}.AppStore|Any CPU.Build.0 = Release|Any CPU
		{84D16EF3-DCD3-4F56-A05F-479B3785F45A}.AppStore|Any CPU.Deploy.0 = Release|Any CPU
		{84D16EF3-DCD3-4F56-A05F-479B3785F45A}.AppStore|iPhone.ActiveCfg = Release|Any CPU
		{84D16EF3-DCD3-4F56-A05F-479B3785F45A}.AppStore|iPhone.Build.0 = Release|Any CPU
		{84D16EF3-DCD3-4F56-A05F-479B3785F45A}.AppStore|iPhone.Deploy.0 = Release|Any CPU
		{84D16EF3-DCD3-4F56-A05F-479B3785F45A}.AppStore|iPhoneSimulator.ActiveCfg = Release|Any CPU
		{84D16EF3-DCD3-4F56-A05F-479B3785F45A}.AppStore|iPhoneSimulator.Build.0 = Release|Any CPU
		{84D16EF3-DCD3-4F56-A05F-479B3785F45A}.AppStore|iPhoneSimulator.Deploy.0 = Release|Any CPU
		{84D16EF3-DCD3-4F56-A05F-479B3785F45A}.Debug|Any CPU.ActiveCfg = Debug|Any CPU
		{84D16EF3-DCD3-4F56-A05F-479B3785F45A}.Debug|Any CPU.Build.0 = Debug|Any CPU
		{84D16EF3-DCD3-4F56-A05F-479B3785F45A}.Debug|Any CPU.Deploy.0 = Debug|Any CPU
		{84D16EF3-DCD3-4F56-A05F-479B3785F45A}.Debug|iPhone.ActiveCfg = Debug|Any CPU
		{84D16EF3-DCD3-4F56-A05F-479B3785F45A}.Debug|iPhone.Build.0 = Debug|Any CPU
		{84D16EF3-DCD3-4F56-A05F-479B3785F45A}.Debug|iPhone.Deploy.0 = Debug|Any CPU
		{84D16EF3-DCD3-4F56-A05F-479B3785F45A}.Debug|iPhoneSimulator.ActiveCfg = Debug|Any CPU
		{84D16EF3-DCD3-4F56-A05F-479B3785F45A}.Debug|iPhoneSimulator.Build.0 = Debug|Any CPU
		{84D16EF3-DCD3-4F56-A05F-479B3785F45A}.Debug|iPhoneSimulator.Deploy.0 = Debug|Any CPU
		{84D16EF3-DCD3-4F56-A05F-479B3785F45A}.Release|Any CPU.ActiveCfg = Release|Any CPU
		{84D16EF3-DCD3-4F56-A05F-479B3785F45A}.Release|Any CPU.Build.0 = Release|Any CPU
		{84D16EF3-DCD3-4F56-A05F-479B3785F45A}.Release|Any CPU.Deploy.0 = Release|Any CPU
		{84D16EF3-DCD3-4F56-A05F-479B3785F45A}.Release|iPhone.ActiveCfg = Release|Any CPU
		{84D16EF3-DCD3-4F56-A05F-479B3785F45A}.Release|iPhone.Build.0 = Release|Any CPU
		{84D16EF3-DCD3-4F56-A05F-479B3785F45A}.Release|iPhone.Deploy.0 = Release|Any CPU
		{84D16EF3-DCD3-4F56-A05F-479B3785F45A}.Release|iPhoneSimulator.ActiveCfg = Release|Any CPU
		{84D16EF3-DCD3-4F56-A05F-479B3785F45A}.Release|iPhoneSimulator.Build.0 = Release|Any CPU
		{84D16EF3-DCD3-4F56-A05F-479B3785F45A}.Release|iPhoneSimulator.Deploy.0 = Release|Any CPU
		{0C709D55-5347-4AC9-9172-58BB3E7C0A2F}.Ad-Hoc|Any CPU.ActiveCfg = Ad-Hoc|iPhone
		{0C709D55-5347-4AC9-9172-58BB3E7C0A2F}.Ad-Hoc|Any CPU.Build.0 = Ad-Hoc|iPhone
		{0C709D55-5347-4AC9-9172-58BB3E7C0A2F}.Ad-Hoc|Any CPU.Deploy.0 = Ad-Hoc|iPhone
		{0C709D55-5347-4AC9-9172-58BB3E7C0A2F}.Ad-Hoc|iPhone.ActiveCfg = Ad-Hoc|iPhone
		{0C709D55-5347-4AC9-9172-58BB3E7C0A2F}.Ad-Hoc|iPhone.Build.0 = Ad-Hoc|iPhone
		{0C709D55-5347-4AC9-9172-58BB3E7C0A2F}.Ad-Hoc|iPhone.Deploy.0 = Ad-Hoc|iPhone
		{0C709D55-5347-4AC9-9172-58BB3E7C0A2F}.Ad-Hoc|iPhoneSimulator.ActiveCfg = Ad-Hoc|iPhoneSimulator
		{0C709D55-5347-4AC9-9172-58BB3E7C0A2F}.Ad-Hoc|iPhoneSimulator.Build.0 = Ad-Hoc|iPhoneSimulator
		{0C709D55-5347-4AC9-9172-58BB3E7C0A2F}.Ad-Hoc|iPhoneSimulator.Deploy.0 = Ad-Hoc|iPhoneSimulator
		{0C709D55-5347-4AC9-9172-58BB3E7C0A2F}.AppStore|Any CPU.ActiveCfg = AppStore|iPhone
		{0C709D55-5347-4AC9-9172-58BB3E7C0A2F}.AppStore|Any CPU.Build.0 = AppStore|iPhone
		{0C709D55-5347-4AC9-9172-58BB3E7C0A2F}.AppStore|Any CPU.Deploy.0 = AppStore|iPhone
		{0C709D55-5347-4AC9-9172-58BB3E7C0A2F}.AppStore|iPhone.ActiveCfg = AppStore|iPhone
		{0C709D55-5347-4AC9-9172-58BB3E7C0A2F}.AppStore|iPhone.Build.0 = AppStore|iPhone
		{0C709D55-5347-4AC9-9172-58BB3E7C0A2F}.AppStore|iPhone.Deploy.0 = AppStore|iPhone
		{0C709D55-5347-4AC9-9172-58BB3E7C0A2F}.AppStore|iPhoneSimulator.ActiveCfg = AppStore|iPhoneSimulator
		{0C709D55-5347-4AC9-9172-58BB3E7C0A2F}.AppStore|iPhoneSimulator.Build.0 = AppStore|iPhoneSimulator
		{0C709D55-5347-4AC9-9172-58BB3E7C0A2F}.AppStore|iPhoneSimulator.Deploy.0 = AppStore|iPhoneSimulator
		{0C709D55-5347-4AC9-9172-58BB3E7C0A2F}.Debug|Any CPU.ActiveCfg = Debug|iPhoneSimulator
		{0C709D55-5347-4AC9-9172-58BB3E7C0A2F}.Debug|Any CPU.Build.0 = Debug|iPhoneSimulator
		{0C709D55-5347-4AC9-9172-58BB3E7C0A2F}.Debug|Any CPU.Deploy.0 = Debug|iPhoneSimulator
		{0C709D55-5347-4AC9-9172-58BB3E7C0A2F}.Debug|iPhone.ActiveCfg = Debug|iPhone
		{0C709D55-5347-4AC9-9172-58BB3E7C0A2F}.Debug|iPhone.Build.0 = Debug|iPhone
		{0C709D55-5347-4AC9-9172-58BB3E7C0A2F}.Debug|iPhone.Deploy.0 = Debug|iPhone
		{0C709D55-5347-4AC9-9172-58BB3E7C0A2F}.Debug|iPhoneSimulator.ActiveCfg = Debug|iPhoneSimulator
		{0C709D55-5347-4AC9-9172-58BB3E7C0A2F}.Debug|iPhoneSimulator.Build.0 = Debug|iPhoneSimulator
		{0C709D55-5347-4AC9-9172-58BB3E7C0A2F}.Debug|iPhoneSimulator.Deploy.0 = Debug|iPhoneSimulator
		{0C709D55-5347-4AC9-9172-58BB3E7C0A2F}.Release|Any CPU.ActiveCfg = Release|iPhone
		{0C709D55-5347-4AC9-9172-58BB3E7C0A2F}.Release|Any CPU.Build.0 = Release|iPhone
		{0C709D55-5347-4AC9-9172-58BB3E7C0A2F}.Release|Any CPU.Deploy.0 = Release|iPhone
		{0C709D55-5347-4AC9-9172-58BB3E7C0A2F}.Release|iPhone.ActiveCfg = Release|iPhone
		{0C709D55-5347-4AC9-9172-58BB3E7C0A2F}.Release|iPhone.Build.0 = Release|iPhone
		{0C709D55-5347-4AC9-9172-58BB3E7C0A2F}.Release|iPhone.Deploy.0 = Release|iPhone
		{0C709D55-5347-4AC9-9172-58BB3E7C0A2F}.Release|iPhoneSimulator.ActiveCfg = Release|iPhoneSimulator
		{0C709D55-5347-4AC9-9172-58BB3E7C0A2F}.Release|iPhoneSimulator.Build.0 = Release|iPhoneSimulator
		{0C709D55-5347-4AC9-9172-58BB3E7C0A2F}.Release|iPhoneSimulator.Deploy.0 = Release|iPhoneSimulator
	EndGlobalSection
	GlobalSection(SolutionProperties) = preSolution
		HideSolutionNode = FALSE
	EndGlobalSection
	GlobalSection(ExtensibilityGlobals) = postSolution
		SolutionGuid = {28C5216F-2C76-43E9-8407-78C51F54DB12}
	EndGlobalSection
EndGlobal
